
Microsoft Visual Studio Solution File, Format Version 12.00
# Visual Studio 2013
VisualStudioVersion = 12.0.30501.0
MinimumVisualStudioVersion = 10.0.40219.1
Project("{8BC9CEB8-8B4A-11D0-8D11-00A0C91BC942}") = "EDrawingLibrary", "EDrawingLibrary\EDrawingLibrary.vcxproj", "{E24DFBB3-978E-4A5B-9940-93B6E38D1730}"
EndProject
Project("{FAE04EC0-301F-11D3-BF4B-00C04F79EFBC}") = "EDrawingLibraryTest", "EDrawingLibraryTest\EDrawingLibraryTest.csproj", "{AAC66AB7-BB04-47BE-9A5B-2FA9422DEA45}"
EndProject
Project("{FAE04EC0-301F-11D3-BF4B-00C04F79EFBC}") = "EDrawingLibrarySDK", "EDrawingLibraryVSIX\EDrawingLibrarySDK.csproj", "{51ED590C-F217-43CC-85BD-D04C58FA82EB}"
EndProject
Project("{F184B08F-C81C-45F6-A57F-5ABD9991F28F}") = "EDrawingLibraryTestVB", "EDrawingLibraryTestVB\EDrawingLibraryTestVB.vbproj", "{0E2D901B-FDDB-4AD9-A02E-C9CBB8D2F221}"
EndProject
Global
	GlobalSection(TeamFoundationVersionControl) = preSolution
		SccNumberOfProjects = 5
		SccEnterpriseProvider = {4CA58AB2-18FA-4F8D-95D4-32DDF27D184C}
		SccTeamFoundationServer = https://tfs.codeplex.com/tfs/tfs28
		SccLocalPath0 = .
		SccProjectUniqueName1 = EDrawingLibrary\\EDrawingLibrary.vcxproj
		SccProjectName1 = EDrawingLibrary
		SccLocalPath1 = EDrawingLibrary
		SccProjectUniqueName2 = EDrawingLibraryTest\\EDrawingLibraryTest.csproj
		SccProjectName2 = EDrawingLibraryTest
		SccLocalPath2 = EDrawingLibraryTest
		SccProjectUniqueName3 = EDrawingLibraryVSIX\\EDrawingLibrarySDK.csproj
		SccProjectName3 = EDrawingLibraryVSIX
		SccLocalPath3 = EDrawingLibraryVSIX
		SccProjectUniqueName4 = EDrawingLibraryTestVB\\EDrawingLibraryTestVB.vbproj
		SccProjectName4 = EDrawingLibraryTestVB
		SccLocalPath4 = EDrawingLibraryTestVB
	EndGlobalSection
	GlobalSection(SolutionConfigurationPlatforms) = preSolution
		Debug|Any CPU = Debug|Any CPU
		Debug|ARM = Debug|ARM
		Debug|Mixed Platforms = Debug|Mixed Platforms
		Debug|Win32 = Debug|Win32
		Debug|x64 = Debug|x64
		Debug|x86 = Debug|x86
		Release|Any CPU = Release|Any CPU
		Release|ARM = Release|ARM
		Release|Mixed Platforms = Release|Mixed Platforms
		Release|Win32 = Release|Win32
		Release|x64 = Release|x64
		Release|x86 = Release|x86
		VSIX|Any CPU = VSIX|Any CPU
		VSIX|ARM = VSIX|ARM
		VSIX|Mixed Platforms = VSIX|Mixed Platforms
		VSIX|Win32 = VSIX|Win32
		VSIX|x64 = VSIX|x64
		VSIX|x86 = VSIX|x86
	EndGlobalSection
	GlobalSection(ProjectConfigurationPlatforms) = postSolution
		{E24DFBB3-978E-4A5B-9940-93B6E38D1730}.Debug|Any CPU.ActiveCfg = Debug|Win32
		{E24DFBB3-978E-4A5B-9940-93B6E38D1730}.Debug|ARM.ActiveCfg = Debug|ARM
		{E24DFBB3-978E-4A5B-9940-93B6E38D1730}.Debug|ARM.Build.0 = Debug|ARM
		{E24DFBB3-978E-4A5B-9940-93B6E38D1730}.Debug|Mixed Platforms.ActiveCfg = Debug|Win32
		{E24DFBB3-978E-4A5B-9940-93B6E38D1730}.Debug|Mixed Platforms.Build.0 = Debug|Win32
		{E24DFBB3-978E-4A5B-9940-93B6E38D1730}.Debug|Win32.ActiveCfg = Debug|Win32
		{E24DFBB3-978E-4A5B-9940-93B6E38D1730}.Debug|Win32.Build.0 = Debug|Win32
		{E24DFBB3-978E-4A5B-9940-93B6E38D1730}.Debug|x64.ActiveCfg = Debug|x64
		{E24DFBB3-978E-4A5B-9940-93B6E38D1730}.Debug|x64.Build.0 = Debug|x64
		{E24DFBB3-978E-4A5B-9940-93B6E38D1730}.Debug|x86.ActiveCfg = Debug|Win32
		{E24DFBB3-978E-4A5B-9940-93B6E38D1730}.Debug|x86.Build.0 = Debug|Win32
		{E24DFBB3-978E-4A5B-9940-93B6E38D1730}.Release|Any CPU.ActiveCfg = Release|Win32
		{E24DFBB3-978E-4A5B-9940-93B6E38D1730}.Release|ARM.ActiveCfg = Release|ARM
		{E24DFBB3-978E-4A5B-9940-93B6E38D1730}.Release|ARM.Build.0 = Release|ARM
		{E24DFBB3-978E-4A5B-9940-93B6E38D1730}.Release|Mixed Platforms.ActiveCfg = Release|x64
		{E24DFBB3-978E-4A5B-9940-93B6E38D1730}.Release|Mixed Platforms.Build.0 = Release|x64
		{E24DFBB3-978E-4A5B-9940-93B6E38D1730}.Release|Win32.ActiveCfg = Release|Win32
		{E24DFBB3-978E-4A5B-9940-93B6E38D1730}.Release|Win32.Build.0 = Release|Win32
		{E24DFBB3-978E-4A5B-9940-93B6E38D1730}.Release|x64.ActiveCfg = Release|x64
		{E24DFBB3-978E-4A5B-9940-93B6E38D1730}.Release|x64.Build.0 = Release|x64
		{E24DFBB3-978E-4A5B-9940-93B6E38D1730}.Release|x86.ActiveCfg = Release|Win32
		{E24DFBB3-978E-4A5B-9940-93B6E38D1730}.Release|x86.Build.0 = Release|Win32
		{E24DFBB3-978E-4A5B-9940-93B6E38D1730}.VSIX|Any CPU.ActiveCfg = VSIX|Win32
		{E24DFBB3-978E-4A5B-9940-93B6E38D1730}.VSIX|ARM.ActiveCfg = VSIX|ARM
		{E24DFBB3-978E-4A5B-9940-93B6E38D1730}.VSIX|Mixed Platforms.ActiveCfg = VSIX|Win32
		{E24DFBB3-978E-4A5B-9940-93B6E38D1730}.VSIX|Win32.ActiveCfg = VSIX|Win32
		{E24DFBB3-978E-4A5B-9940-93B6E38D1730}.VSIX|x64.ActiveCfg = VSIX|x64
		{E24DFBB3-978E-4A5B-9940-93B6E38D1730}.VSIX|x86.ActiveCfg = VSIX|Win32
		{AAC66AB7-BB04-47BE-9A5B-2FA9422DEA45}.Debug|Any CPU.ActiveCfg = Debug|Any CPU
		{AAC66AB7-BB04-47BE-9A5B-2FA9422DEA45}.Debug|Any CPU.Build.0 = Debug|Any CPU
		{AAC66AB7-BB04-47BE-9A5B-2FA9422DEA45}.Debug|Any CPU.Deploy.0 = Debug|Any CPU
		{AAC66AB7-BB04-47BE-9A5B-2FA9422DEA45}.Debug|ARM.ActiveCfg = Debug|ARM
		{AAC66AB7-BB04-47BE-9A5B-2FA9422DEA45}.Debug|ARM.Build.0 = Debug|ARM
		{AAC66AB7-BB04-47BE-9A5B-2FA9422DEA45}.Debug|ARM.Deploy.0 = Debug|ARM
		{AAC66AB7-BB04-47BE-9A5B-2FA9422DEA45}.Debug|Mixed Platforms.ActiveCfg = Debug|x86
		{AAC66AB7-BB04-47BE-9A5B-2FA9422DEA45}.Debug|Mixed Platforms.Build.0 = Debug|x86
		{AAC66AB7-BB04-47BE-9A5B-2FA9422DEA45}.Debug|Mixed Platforms.Deploy.0 = Debug|x86
		{AAC66AB7-BB04-47BE-9A5B-2FA9422DEA45}.Debug|Win32.ActiveCfg = Debug|x86
		{AAC66AB7-BB04-47BE-9A5B-2FA9422DEA45}.Debug|Win32.Build.0 = Debug|x86
		{AAC66AB7-BB04-47BE-9A5B-2FA9422DEA45}.Debug|Win32.Deploy.0 = Debug|x86
		{AAC66AB7-BB04-47BE-9A5B-2FA9422DEA45}.Debug|x64.ActiveCfg = Debug|x64
		{AAC66AB7-BB04-47BE-9A5B-2FA9422DEA45}.Debug|x64.Build.0 = Debug|x64
		{AAC66AB7-BB04-47BE-9A5B-2FA9422DEA45}.Debug|x64.Deploy.0 = Debug|x64
		{AAC66AB7-BB04-47BE-9A5B-2FA9422DEA45}.Debug|x86.ActiveCfg = Debug|x86
		{AAC66AB7-BB04-47BE-9A5B-2FA9422DEA45}.Debug|x86.Build.0 = Debug|x86
		{AAC66AB7-BB04-47BE-9A5B-2FA9422DEA45}.Debug|x86.Deploy.0 = Debug|x86
		{AAC66AB7-BB04-47BE-9A5B-2FA9422DEA45}.Release|Any CPU.ActiveCfg = Release|Any CPU
		{AAC66AB7-BB04-47BE-9A5B-2FA9422DEA45}.Release|Any CPU.Build.0 = Release|Any CPU
		{AAC66AB7-BB04-47BE-9A5B-2FA9422DEA45}.Release|Any CPU.Deploy.0 = Release|Any CPU
		{AAC66AB7-BB04-47BE-9A5B-2FA9422DEA45}.Release|ARM.ActiveCfg = Release|ARM
		{AAC66AB7-BB04-47BE-9A5B-2FA9422DEA45}.Release|ARM.Build.0 = Release|ARM
		{AAC66AB7-BB04-47BE-9A5B-2FA9422DEA45}.Release|ARM.Deploy.0 = Release|ARM
		{AAC66AB7-BB04-47BE-9A5B-2FA9422DEA45}.Release|Mixed Platforms.ActiveCfg = Release|x64
		{AAC66AB7-BB04-47BE-9A5B-2FA9422DEA45}.Release|Mixed Platforms.Build.0 = Release|x64
		{AAC66AB7-BB04-47BE-9A5B-2FA9422DEA45}.Release|Mixed Platforms.Deploy.0 = Release|x64
		{AAC66AB7-BB04-47BE-9A5B-2FA9422DEA45}.Release|Win32.ActiveCfg = Release|x86
		{AAC66AB7-BB04-47BE-9A5B-2FA9422DEA45}.Release|Win32.Build.0 = Release|x86
		{AAC66AB7-BB04-47BE-9A5B-2FA9422DEA45}.Release|Win32.Deploy.0 = Release|x86
		{AAC66AB7-BB04-47BE-9A5B-2FA9422DEA45}.Release|x64.ActiveCfg = Release|x64
		{AAC66AB7-BB04-47BE-9A5B-2FA9422DEA45}.Release|x64.Build.0 = Release|x64
		{AAC66AB7-BB04-47BE-9A5B-2FA9422DEA45}.Release|x64.Deploy.0 = Release|x64
		{AAC66AB7-BB04-47BE-9A5B-2FA9422DEA45}.Release|x86.ActiveCfg = Release|x86
		{AAC66AB7-BB04-47BE-9A5B-2FA9422DEA45}.Release|x86.Build.0 = Release|x86
		{AAC66AB7-BB04-47BE-9A5B-2FA9422DEA45}.Release|x86.Deploy.0 = Release|x86
		{AAC66AB7-BB04-47BE-9A5B-2FA9422DEA45}.VSIX|Any CPU.ActiveCfg = VSIX|Any CPU
		{AAC66AB7-BB04-47BE-9A5B-2FA9422DEA45}.VSIX|ARM.ActiveCfg = VSIX|ARM
		{AAC66AB7-BB04-47BE-9A5B-2FA9422DEA45}.VSIX|Mixed Platforms.ActiveCfg = VSIX|x86
		{AAC66AB7-BB04-47BE-9A5B-2FA9422DEA45}.VSIX|Win32.ActiveCfg = VSIX|x86
		{AAC66AB7-BB04-47BE-9A5B-2FA9422DEA45}.VSIX|x64.ActiveCfg = VSIX|x64
		{AAC66AB7-BB04-47BE-9A5B-2FA9422DEA45}.VSIX|x86.ActiveCfg = VSIX|x86
		{51ED590C-F217-43CC-85BD-D04C58FA82EB}.Debug|Any CPU.ActiveCfg = Debug|Any CPU
		{51ED590C-F217-43CC-85BD-D04C58FA82EB}.Debug|Any CPU.Build.0 = Debug|Any CPU
		{51ED590C-F217-43CC-85BD-D04C58FA82EB}.Debug|ARM.ActiveCfg = Debug|Any CPU
		{51ED590C-F217-43CC-85BD-D04C58FA82EB}.Debug|Mixed Platforms.ActiveCfg = Debug|Any CPU
		{51ED590C-F217-43CC-85BD-D04C58FA82EB}.Debug|Win32.ActiveCfg = Debug|Any CPU
		{51ED590C-F217-43CC-85BD-D04C58FA82EB}.Debug|x64.ActiveCfg = Debug|Any CPU
		{51ED590C-F217-43CC-85BD-D04C58FA82EB}.Debug|x86.ActiveCfg = Debug|Any CPU
		{51ED590C-F217-43CC-85BD-D04C58FA82EB}.Release|Any CPU.ActiveCfg = Release|Any CPU
		{51ED590C-F217-43CC-85BD-D04C58FA82EB}.Release|Any CPU.Build.0 = Release|Any CPU
		{51ED590C-F217-43CC-85BD-D04C58FA82EB}.Release|ARM.ActiveCfg = Release|Any CPU
		{51ED590C-F217-43CC-85BD-D04C58FA82EB}.Release|Mixed Platforms.ActiveCfg = Release|Any CPU
		{51ED590C-F217-43CC-85BD-D04C58FA82EB}.Release|Win32.ActiveCfg = Release|Any CPU
		{51ED590C-F217-43CC-85BD-D04C58FA82EB}.Release|x64.ActiveCfg = Release|Any CPU
		{51ED590C-F217-43CC-85BD-D04C58FA82EB}.Release|x86.ActiveCfg = Release|Any CPU
		{51ED590C-F217-43CC-85BD-D04C58FA82EB}.VSIX|Any CPU.ActiveCfg = VSIX|Any CPU
		{51ED590C-F217-43CC-85BD-D04C58FA82EB}.VSIX|Any CPU.Build.0 = VSIX|Any CPU
		{51ED590C-F217-43CC-85BD-D04C58FA82EB}.VSIX|ARM.ActiveCfg = VSIX|Any CPU
		{51ED590C-F217-43CC-85BD-D04C58FA82EB}.VSIX|Mixed Platforms.ActiveCfg = VSIX|Any CPU
		{51ED590C-F217-43CC-85BD-D04C58FA82EB}.VSIX|Mixed Platforms.Build.0 = VSIX|Any CPU
		{51ED590C-F217-43CC-85BD-D04C58FA82EB}.VSIX|Win32.ActiveCfg = VSIX|Any CPU
		{51ED590C-F217-43CC-85BD-D04C58FA82EB}.VSIX|x64.ActiveCfg = VSIX|Any CPU
		{51ED590C-F217-43CC-85BD-D04C58FA82EB}.VSIX|x86.ActiveCfg = VSIX|Any CPU
		{0E2D901B-FDDB-4AD9-A02E-C9CBB8D2F221}.Debug|Any CPU.ActiveCfg = Debug|Any CPU
		{0E2D901B-FDDB-4AD9-A02E-C9CBB8D2F221}.Debug|Any CPU.Build.0 = Debug|Any CPU
		{0E2D901B-FDDB-4AD9-A02E-C9CBB8D2F221}.Debug|Any CPU.Deploy.0 = Debug|Any CPU
		{0E2D901B-FDDB-4AD9-A02E-C9CBB8D2F221}.Debug|ARM.ActiveCfg = Debug|ARM
		{0E2D901B-FDDB-4AD9-A02E-C9CBB8D2F221}.Debug|ARM.Build.0 = Debug|ARM
		{0E2D901B-FDDB-4AD9-A02E-C9CBB8D2F221}.Debug|ARM.Deploy.0 = Debug|ARM
		{0E2D901B-FDDB-4AD9-A02E-C9CBB8D2F221}.Debug|Mixed Platforms.ActiveCfg = Debug|x86
		{0E2D901B-FDDB-4AD9-A02E-C9CBB8D2F221}.Debug|Mixed Platforms.Build.0 = Debug|x86
		{0E2D901B-FDDB-4AD9-A02E-C9CBB8D2F221}.Debug|Mixed Platforms.Deploy.0 = Debug|x86
		{0E2D901B-FDDB-4AD9-A02E-C9CBB8D2F221}.Debug|Win32.ActiveCfg = Debug|x86
		{0E2D901B-FDDB-4AD9-A02E-C9CBB8D2F221}.Debug|Win32.Build.0 = Debug|x86
		{0E2D901B-FDDB-4AD9-A02E-C9CBB8D2F221}.Debug|Win32.Deploy.0 = Debug|x86
		{0E2D901B-FDDB-4AD9-A02E-C9CBB8D2F221}.Debug|x64.ActiveCfg = Debug|x64
		{0E2D901B-FDDB-4AD9-A02E-C9CBB8D2F221}.Debug|x64.Build.0 = Debug|x64
		{0E2D901B-FDDB-4AD9-A02E-C9CBB8D2F221}.Debug|x64.Deploy.0 = Debug|x64
		{0E2D901B-FDDB-4AD9-A02E-C9CBB8D2F221}.Debug|x86.ActiveCfg = Debug|x86
		{0E2D901B-FDDB-4AD9-A02E-C9CBB8D2F221}.Debug|x86.Build.0 = Debug|x86
		{0E2D901B-FDDB-4AD9-A02E-C9CBB8D2F221}.Debug|x86.Deploy.0 = Debug|x86
		{0E2D901B-FDDB-4AD9-A02E-C9CBB8D2F221}.Release|Any CPU.ActiveCfg = Release|Any CPU
		{0E2D901B-FDDB-4AD9-A02E-C9CBB8D2F221}.Release|Any CPU.Build.0 = Release|Any CPU
		{0E2D901B-FDDB-4AD9-A02E-C9CBB8D2F221}.Release|Any CPU.Deploy.0 = Release|Any CPU
		{0E2D901B-FDDB-4AD9-A02E-C9CBB8D2F221}.Release|ARM.ActiveCfg = Release|ARM
		{0E2D901B-FDDB-4AD9-A02E-C9CBB8D2F221}.Release|ARM.Build.0 = Release|ARM
		{0E2D901B-FDDB-4AD9-A02E-C9CBB8D2F221}.Release|ARM.Deploy.0 = Release|ARM
		{0E2D901B-FDDB-4AD9-A02E-C9CBB8D2F221}.Release|Mixed Platforms.ActiveCfg = Release|x86
		{0E2D901B-FDDB-4AD9-A02E-C9CBB8D2F221}.Release|Mixed Platforms.Build.0 = Release|x86
		{0E2D901B-FDDB-4AD9-A02E-C9CBB8D2F221}.Release|Mixed Platforms.Deploy.0 = Release|x86
		{0E2D901B-FDDB-4AD9-A02E-C9CBB8D2F221}.Release|Win32.ActiveCfg = Release|x86
		{0E2D901B-FDDB-4AD9-A02E-C9CBB8D2F221}.Release|Win32.Build.0 = Release|x86
		{0E2D901B-FDDB-4AD9-A02E-C9CBB8D2F221}.Release|Win32.Deploy.0 = Release|x86
		{0E2D901B-FDDB-4AD9-A02E-C9CBB8D2F221}.Release|x64.ActiveCfg = Release|x64
		{0E2D901B-FDDB-4AD9-A02E-C9CBB8D2F221}.Release|x64.Build.0 = Release|x64
		{0E2D901B-FDDB-4AD9-A02E-C9CBB8D2F221}.Release|x64.Deploy.0 = Release|x64
		{0E2D901B-FDDB-4AD9-A02E-C9CBB8D2F221}.Release|x86.ActiveCfg = Release|x86
		{0E2D901B-FDDB-4AD9-A02E-C9CBB8D2F221}.Release|x86.Build.0 = Release|x86
		{0E2D901B-FDDB-4AD9-A02E-C9CBB8D2F221}.Release|x86.Deploy.0 = Release|x86
		{0E2D901B-FDDB-4AD9-A02E-C9CBB8D2F221}.VSIX|Any CPU.ActiveCfg = Release|Any CPU
		{0E2D901B-FDDB-4AD9-A02E-C9CBB8D2F221}.VSIX|Any CPU.Build.0 = Release|Any CPU
		{0E2D901B-FDDB-4AD9-A02E-C9CBB8D2F221}.VSIX|Any CPU.Deploy.0 = Release|Any CPU
		{0E2D901B-FDDB-4AD9-A02E-C9CBB8D2F221}.VSIX|ARM.ActiveCfg = Release|ARM
		{0E2D901B-FDDB-4AD9-A02E-C9CBB8D2F221}.VSIX|ARM.Build.0 = Release|ARM
		{0E2D901B-FDDB-4AD9-A02E-C9CBB8D2F221}.VSIX|ARM.Deploy.0 = Release|ARM
		{0E2D901B-FDDB-4AD9-A02E-C9CBB8D2F221}.VSIX|Mixed Platforms.ActiveCfg = Release|x86
		{0E2D901B-FDDB-4AD9-A02E-C9CBB8D2F221}.VSIX|Mixed Platforms.Build.0 = Release|x86
		{0E2D901B-FDDB-4AD9-A02E-C9CBB8D2F221}.VSIX|Mixed Platforms.Deploy.0 = Release|x86
		{0E2D901B-FDDB-4AD9-A02E-C9CBB8D2F221}.VSIX|Win32.ActiveCfg = Release|x86
		{0E2D901B-FDDB-4AD9-A02E-C9CBB8D2F221}.VSIX|Win32.Build.0 = Release|x86
		{0E2D901B-FDDB-4AD9-A02E-C9CBB8D2F221}.VSIX|Win32.Deploy.0 = Release|x86
		{0E2D901B-FDDB-4AD9-A02E-C9CBB8D2F221}.VSIX|x64.ActiveCfg = Release|x64
		{0E2D901B-FDDB-4AD9-A02E-C9CBB8D2F221}.VSIX|x64.Build.0 = Release|x64
		{0E2D901B-FDDB-4AD9-A02E-C9CBB8D2F221}.VSIX|x64.Deploy.0 = Release|x64
		{0E2D901B-FDDB-4AD9-A02E-C9CBB8D2F221}.VSIX|x86.ActiveCfg = Release|x86
		{0E2D901B-FDDB-4AD9-A02E-C9CBB8D2F221}.VSIX|x86.Build.0 = Release|x86
		{0E2D901B-FDDB-4AD9-A02E-C9CBB8D2F221}.VSIX|x86.Deploy.0 = Release|x86
	EndGlobalSection
	GlobalSection(SolutionProperties) = preSolution
		HideSolutionNode = FALSE
	EndGlobalSection
EndGlobal
